
Microsoft Visual Studio Solution File, Format Version 12.00
# Visual Studio Version 17
VisualStudioVersion = 17.4.33110.190
MinimumVisualStudioVersion = 10.0.40219.1
Project("{9A19103F-16F7-4668-BE54-9A1E7A4F7556}") = "Workaround", "Workaround\Workaround.csproj", "{F81C9D30-9159-4E89-90AC-DA9800EAB031}"
EndProject
Project("{FAE04EC0-301F-11D3-BF4B-00C04F79EFBC}") = "Entities", "Entities\Entities.csproj", "{1A99DD2E-B9DD-40B2-81F9-11AFA129181A}"
EndProject
Project("{FAE04EC0-301F-11D3-BF4B-00C04F79EFBC}") = "Business", "Business\Business.csproj", "{8238D5CC-DEC2-4DAD-8986-565B782E1AD5}"
EndProject
Global
	GlobalSection(SolutionConfigurationPlatforms) = preSolution
		Debug|Any CPU = Debug|Any CPU
		Release|Any CPU = Release|Any CPU
	EndGlobalSection
	GlobalSection(ProjectConfigurationPlatforms) = postSolution
		{F81C9D30-9159-4E89-90AC-DA9800EAB031}.Debug|Any CPU.ActiveCfg = Debug|Any CPU
		{F81C9D30-9159-4E89-90AC-DA9800EAB031}.Debug|Any CPU.Build.0 = Debug|Any CPU
		{F81C9D30-9159-4E89-90AC-DA9800EAB031}.Release|Any CPU.ActiveCfg = Release|Any CPU
		{F81C9D30-9159-4E89-90AC-DA9800EAB031}.Release|Any CPU.Build.0 = Release|Any CPU
		{1A99DD2E-B9DD-40B2-81F9-11AFA129181A}.Debug|Any CPU.ActiveCfg = Debug|Any CPU
		{1A99DD2E-B9DD-40B2-81F9-11AFA129181A}.Debug|Any CPU.Build.0 = Debug|Any CPU
		{1A99DD2E-B9DD-40B2-81F9-11AFA129181A}.Release|Any CPU.ActiveCfg = Release|Any CPU
		{1A99DD2E-B9DD-40B2-81F9-11AFA129181A}.Release|Any CPU.Build.0 = Release|Any CPU
		{8238D5CC-DEC2-4DAD-8986-565B782E1AD5}.Debug|Any CPU.ActiveCfg = Debug|Any CPU
		{8238D5CC-DEC2-4DAD-8986-565B782E1AD5}.Debug|Any CPU.Build.0 = Debug|Any CPU
		{8238D5CC-DEC2-4DAD-8986-565B782E1AD5}.Release|Any CPU.ActiveCfg = Release|Any CPU
		{8238D5CC-DEC2-4DAD-8986-565B782E1AD5}.Release|Any CPU.Build.0 = Release|Any CPU
	EndGlobalSection
	GlobalSection(SolutionProperties) = preSolution
		HideSolutionNode = FALSE
	EndGlobalSection
	GlobalSection(ExtensibilityGlobals) = postSolution
		SolutionGuid = {E32BA95D-1FEB-4029-B502-73F744C35C3D}
	EndGlobalSection
EndGlobal
